// !$*UTF8*$!
{
	archiveVersion = 1;
	classes = {
	};
	objectVersion = 50;
	objects = {

/* Begin PBXBuildFile section */
		88BF3E1722CFFC02007BFA27 /* AppDelegate.swift in Sources */ = {isa = PBXBuildFile; fileRef = 88BF3E1622CFFC02007BFA27 /* AppDelegate.swift */; };
		88BF3E1C22CFFC02007BFA27 /* Main.storyboard in Resources */ = {isa = PBXBuildFile; fileRef = 88BF3E1A22CFFC02007BFA27 /* Main.storyboard */; };
		88BF3E1F22CFFC02007BFA27 /* CoreDataPhotosChallenge.xcdatamodeld in Sources */ = {isa = PBXBuildFile; fileRef = 88BF3E1D22CFFC02007BFA27 /* CoreDataPhotosChallenge.xcdatamodeld */; };
		88BF3E2122CFFC04007BFA27 /* Assets.xcassets in Resources */ = {isa = PBXBuildFile; fileRef = 88BF3E2022CFFC04007BFA27 /* Assets.xcassets */; };
		88BF3E2422CFFC04007BFA27 /* LaunchScreen.storyboard in Resources */ = {isa = PBXBuildFile; fileRef = 88BF3E2222CFFC04007BFA27 /* LaunchScreen.storyboard */; };
		88BF3E2F22CFFC04007BFA27 /* CoreDataPhotosChallengeTests.swift in Sources */ = {isa = PBXBuildFile; fileRef = 88BF3E2E22CFFC04007BFA27 /* CoreDataPhotosChallengeTests.swift */; };
		88BF3E3A22CFFC04007BFA27 /* CoreDataPhotosChallengeUITests.swift in Sources */ = {isa = PBXBuildFile; fileRef = 88BF3E3922CFFC04007BFA27 /* CoreDataPhotosChallengeUITests.swift */; };
		88BF3E4822D01120007BFA27 /* noteTableViewController.swift in Sources */ = {isa = PBXBuildFile; fileRef = 88BF3E4722D01120007BFA27 /* noteTableViewController.swift */; };
		88BF3E4A22D016EB007BFA27 /* noteTableViewCell.swift in Sources */ = {isa = PBXBuildFile; fileRef = 88BF3E4922D016EB007BFA27 /* noteTableViewCell.swift */; };
		88BF3E4C22D01A29007BFA27 /* noteViewController.swift in Sources */ = {isa = PBXBuildFile; fileRef = 88BF3E4B22D01A29007BFA27 /* noteViewController.swift */; };
/* End PBXBuildFile section */

/* Begin PBXContainerItemProxy section */
		88BF3E2B22CFFC04007BFA27 /* PBXContainerItemProxy */ = {
			isa = PBXContainerItemProxy;
			containerPortal = 88BF3E0B22CFFC02007BFA27 /* Project object */;
			proxyType = 1;
			remoteGlobalIDString = 88BF3E1222CFFC02007BFA27;
			remoteInfo = CoreDataPhotosChallenge;
		};
		88BF3E3622CFFC04007BFA27 /* PBXContainerItemProxy */ = {
			isa = PBXContainerItemProxy;
			containerPortal = 88BF3E0B22CFFC02007BFA27 /* Project object */;
			proxyType = 1;
			remoteGlobalIDString = 88BF3E1222CFFC02007BFA27;
			remoteInfo = CoreDataPhotosChallenge;
		};
/* End PBXContainerItemProxy section */

/* Begin PBXFileReference section */
		88BF3E1322CFFC02007BFA27 /* CoreDataPhotosChallenge.app */ = {isa = PBXFileReference; explicitFileType = wrapper.application; includeInIndex = 0; path = CoreDataPhotosChallenge.app; sourceTree = BUILT_PRODUCTS_DIR; };
		88BF3E1622CFFC02007BFA27 /* AppDelegate.swift */ = {isa = PBXFileReference; lastKnownFileType = sourcecode.swift; path = AppDelegate.swift; sourceTree = "<group>"; };
		88BF3E1B22CFFC02007BFA27 /* Base */ = {isa = PBXFileReference; lastKnownFileType = file.storyboard; name = Base; path = Base.lproj/Main.storyboard; sourceTree = "<group>"; };
		88BF3E1E22CFFC02007BFA27 /* CoreDataPhotosChallenge.xcdatamodel */ = {isa = PBXFileReference; lastKnownFileType = wrapper.xcdatamodel; path = CoreDataPhotosChallenge.xcdatamodel; sourceTree = "<group>"; };
		88BF3E2022CFFC04007BFA27 /* Assets.xcassets */ = {isa = PBXFileReference; lastKnownFileType = folder.assetcatalog; path = Assets.xcassets; sourceTree = "<group>"; };
		88BF3E2322CFFC04007BFA27 /* Base */ = {isa = PBXFileReference; lastKnownFileType = file.storyboard; name = Base; path = Base.lproj/LaunchScreen.storyboard; sourceTree = "<group>"; };
		88BF3E2522CFFC04007BFA27 /* Info.plist */ = {isa = PBXFileReference; lastKnownFileType = text.plist.xml; path = Info.plist; sourceTree = "<group>"; };
		88BF3E2A22CFFC04007BFA27 /* CoreDataPhotosChallengeTests.xctest */ = {isa = PBXFileReference; explicitFileType = wrapper.cfbundle; includeInIndex = 0; path = CoreDataPhotosChallengeTests.xctest; sourceTree = BUILT_PRODUCTS_DIR; };
		88BF3E2E22CFFC04007BFA27 /* CoreDataPhotosChallengeTests.swift */ = {isa = PBXFileReference; lastKnownFileType = sourcecode.swift; path = CoreDataPhotosChallengeTests.swift; sourceTree = "<group>"; };
		88BF3E3022CFFC04007BFA27 /* Info.plist */ = {isa = PBXFileReference; lastKnownFileType = text.plist.xml; path = Info.plist; sourceTree = "<group>"; };
		88BF3E3522CFFC04007BFA27 /* CoreDataPhotosChallengeUITests.xctest */ = {isa = PBXFileReference; explicitFileType = wrapper.cfbundle; includeInIndex = 0; path = CoreDataPhotosChallengeUITests.xctest; sourceTree = BUILT_PRODUCTS_DIR; };
		88BF3E3922CFFC04007BFA27 /* CoreDataPhotosChallengeUITests.swift */ = {isa = PBXFileReference; lastKnownFileType = sourcecode.swift; path = CoreDataPhotosChallengeUITests.swift; sourceTree = "<group>"; };
		88BF3E3B22CFFC04007BFA27 /* Info.plist */ = {isa = PBXFileReference; lastKnownFileType = text.plist.xml; path = Info.plist; sourceTree = "<group>"; };
		88BF3E4722D01120007BFA27 /* noteTableViewController.swift */ = {isa = PBXFileReference; lastKnownFileType = sourcecode.swift; path = noteTableViewController.swift; sourceTree = "<group>"; };
		88BF3E4922D016EB007BFA27 /* noteTableViewCell.swift */ = {isa = PBXFileReference; lastKnownFileType = sourcecode.swift; path = noteTableViewCell.swift; sourceTree = "<group>"; };
		88BF3E4B22D01A29007BFA27 /* noteViewController.swift */ = {isa = PBXFileReference; lastKnownFileType = sourcecode.swift; path = noteViewController.swift; sourceTree = "<group>"; };
/* End PBXFileReference section */

/* Begin PBXFrameworksBuildPhase section */
		88BF3E1022CFFC02007BFA27 /* Frameworks */ = {
			isa = PBXFrameworksBuildPhase;
			buildActionMask = 2147483647;
			files = (
			);
			runOnlyForDeploymentPostprocessing = 0;
		};
		88BF3E2722CFFC04007BFA27 /* Frameworks */ = {
			isa = PBXFrameworksBuildPhase;
			buildActionMask = 2147483647;
			files = (
			);
			runOnlyForDeploymentPostprocessing = 0;
		};
		88BF3E3222CFFC04007BFA27 /* Frameworks */ = {
			isa = PBXFrameworksBuildPhase;
			buildActionMask = 2147483647;
			files = (
			);
			runOnlyForDeploymentPostprocessing = 0;
		};
/* End PBXFrameworksBuildPhase section */

/* Begin PBXGroup section */
		88BF3E0A22CFFC02007BFA27 = {
			isa = PBXGroup;
			children = (
				88BF3E1522CFFC02007BFA27 /* CoreDataPhotosChallenge */,
				88BF3E2D22CFFC04007BFA27 /* CoreDataPhotosChallengeTests */,
				88BF3E3822CFFC04007BFA27 /* CoreDataPhotosChallengeUITests */,
				88BF3E1422CFFC02007BFA27 /* Products */,
			);
			sourceTree = "<group>";
		};
		88BF3E1422CFFC02007BFA27 /* Products */ = {
			isa = PBXGroup;
			children = (
				88BF3E1322CFFC02007BFA27 /* CoreDataPhotosChallenge.app */,
				88BF3E2A22CFFC04007BFA27 /* CoreDataPhotosChallengeTests.xctest */,
				88BF3E3522CFFC04007BFA27 /* CoreDataPhotosChallengeUITests.xctest */,
			);
			name = Products;
			sourceTree = "<group>";
		};
		88BF3E1522CFFC02007BFA27 /* CoreDataPhotosChallenge */ = {
			isa = PBXGroup;
			children = (
				88BF3E1622CFFC02007BFA27 /* AppDelegate.swift */,
				88BF3E4B22D01A29007BFA27 /* noteViewController.swift */,
				88BF3E4722D01120007BFA27 /* noteTableViewController.swift */,
				88BF3E4922D016EB007BFA27 /* noteTableViewCell.swift */,
				88BF3E1A22CFFC02007BFA27 /* Main.storyboard */,
				88BF3E2022CFFC04007BFA27 /* Assets.xcassets */,
				88BF3E2222CFFC04007BFA27 /* LaunchScreen.storyboard */,
				88BF3E2522CFFC04007BFA27 /* Info.plist */,
				88BF3E1D22CFFC02007BFA27 /* CoreDataPhotosChallenge.xcdatamodeld */,
			);
			path = CoreDataPhotosChallenge;
			sourceTree = "<group>";
		};
		88BF3E2D22CFFC04007BFA27 /* CoreDataPhotosChallengeTests */ = {
			isa = PBXGroup;
			children = (
				88BF3E2E22CFFC04007BFA27 /* CoreDataPhotosChallengeTests.swift */,
				88BF3E3022CFFC04007BFA27 /* Info.plist */,
			);
			path = CoreDataPhotosChallengeTests;
			sourceTree = "<group>";
		};
		88BF3E3822CFFC04007BFA27 /* CoreDataPhotosChallengeUITests */ = {
			isa = PBXGroup;
			children = (
				88BF3E3922CFFC04007BFA27 /* CoreDataPhotosChallengeUITests.swift */,
				88BF3E3B22CFFC04007BFA27 /* Info.plist */,
			);
			path = CoreDataPhotosChallengeUITests;
			sourceTree = "<group>";
		};
/* End PBXGroup section */

/* Begin PBXNativeTarget section */
		88BF3E1222CFFC02007BFA27 /* CoreDataPhotosChallenge */ = {
			isa = PBXNativeTarget;
			buildConfigurationList = 88BF3E3E22CFFC04007BFA27 /* Build configuration list for PBXNativeTarget "CoreDataPhotosChallenge" */;
			buildPhases = (
				88BF3E0F22CFFC02007BFA27 /* Sources */,
				88BF3E1022CFFC02007BFA27 /* Frameworks */,
				88BF3E1122CFFC02007BFA27 /* Resources */,
			);
			buildRules = (
			);
			dependencies = (
			);
			name = CoreDataPhotosChallenge;
			productName = CoreDataPhotosChallenge;
			productReference = 88BF3E1322CFFC02007BFA27 /* CoreDataPhotosChallenge.app */;
			productType = "com.apple.product-type.application";
		};
		88BF3E2922CFFC04007BFA27 /* CoreDataPhotosChallengeTests */ = {
			isa = PBXNativeTarget;
			buildConfigurationList = 88BF3E4122CFFC04007BFA27 /* Build configuration list for PBXNativeTarget "CoreDataPhotosChallengeTests" */;
			buildPhases = (
				88BF3E2622CFFC04007BFA27 /* Sources */,
				88BF3E2722CFFC04007BFA27 /* Frameworks */,
				88BF3E2822CFFC04007BFA27 /* Resources */,
			);
			buildRules = (
			);
			dependencies = (
				88BF3E2C22CFFC04007BFA27 /* PBXTargetDependency */,
			);
			name = CoreDataPhotosChallengeTests;
			productName = CoreDataPhotosChallengeTests;
			productReference = 88BF3E2A22CFFC04007BFA27 /* CoreDataPhotosChallengeTests.xctest */;
			productType = "com.apple.product-type.bundle.unit-test";
		};
		88BF3E3422CFFC04007BFA27 /* CoreDataPhotosChallengeUITests */ = {
			isa = PBXNativeTarget;
			buildConfigurationList = 88BF3E4422CFFC04007BFA27 /* Build configuration list for PBXNativeTarget "CoreDataPhotosChallengeUITests" */;
			buildPhases = (
				88BF3E3122CFFC04007BFA27 /* Sources */,
				88BF3E3222CFFC04007BFA27 /* Frameworks */,
				88BF3E3322CFFC04007BFA27 /* Resources */,
			);
			buildRules = (
			);
			dependencies = (
				88BF3E3722CFFC04007BFA27 /* PBXTargetDependency */,
			);
			name = CoreDataPhotosChallengeUITests;
			productName = CoreDataPhotosChallengeUITests;
			productReference = 88BF3E3522CFFC04007BFA27 /* CoreDataPhotosChallengeUITests.xctest */;
			productType = "com.apple.product-type.bundle.ui-testing";
		};
/* End PBXNativeTarget section */

/* Begin PBXProject section */
		88BF3E0B22CFFC02007BFA27 /* Project object */ = {
			isa = PBXProject;
			attributes = {
				LastSwiftUpdateCheck = 1020;
				LastUpgradeCheck = 1020;
				ORGANIZATIONNAME = "John Williams III";
				TargetAttributes = {
					88BF3E1222CFFC02007BFA27 = {
						CreatedOnToolsVersion = 10.2.1;
					};
					88BF3E2922CFFC04007BFA27 = {
						CreatedOnToolsVersion = 10.2.1;
						TestTargetID = 88BF3E1222CFFC02007BFA27;
					};
					88BF3E3422CFFC04007BFA27 = {
						CreatedOnToolsVersion = 10.2.1;
						TestTargetID = 88BF3E1222CFFC02007BFA27;
					};
				};
			};
			buildConfigurationList = 88BF3E0E22CFFC02007BFA27 /* Build configuration list for PBXProject "CoreDataPhotosChallenge" */;
			compatibilityVersion = "Xcode 9.3";
			developmentRegion = en;
			hasScannedForEncodings = 0;
			knownRegions = (
				en,
				Base,
			);
			mainGroup = 88BF3E0A22CFFC02007BFA27;
			productRefGroup = 88BF3E1422CFFC02007BFA27 /* Products */;
			projectDirPath = "";
			projectRoot = "";
			targets = (
				88BF3E1222CFFC02007BFA27 /* CoreDataPhotosChallenge */,
				88BF3E2922CFFC04007BFA27 /* CoreDataPhotosChallengeTests */,
				88BF3E3422CFFC04007BFA27 /* CoreDataPhotosChallengeUITests */,
			);
		};
/* End PBXProject section */

/* Begin PBXResourcesBuildPhase section */
		88BF3E1122CFFC02007BFA27 /* Resources */ = {
			isa = PBXResourcesBuildPhase;
			buildActionMask = 2147483647;
			files = (
				88BF3E2422CFFC04007BFA27 /* LaunchScreen.storyboard in Resources */,
				88BF3E2122CFFC04007BFA27 /* Assets.xcassets in Resources */,
				88BF3E1C22CFFC02007BFA27 /* Main.storyboard in Resources */,
			);
			runOnlyForDeploymentPostprocessing = 0;
		};
		88BF3E2822CFFC04007BFA27 /* Resources */ = {
			isa = PBXResourcesBuildPhase;
			buildActionMask = 2147483647;
			files = (
			);
			runOnlyForDeploymentPostprocessing = 0;
		};
		88BF3E3322CFFC04007BFA27 /* Resources */ = {
			isa = PBXResourcesBuildPhase;
			buildActionMask = 2147483647;
			files = (
			);
			runOnlyForDeploymentPostprocessing = 0;
		};
/* End PBXResourcesBuildPhase section */

/* Begin PBXSourcesBuildPhase section */
		88BF3E0F22CFFC02007BFA27 /* Sources */ = {
			isa = PBXSourcesBuildPhase;
			buildActionMask = 2147483647;
			files = (
				88BF3E4A22D016EB007BFA27 /* noteTableViewCell.swift in Sources */,
				88BF3E4C22D01A29007BFA27 /* noteViewController.swift in Sources */,
				88BF3E1F22CFFC02007BFA27 /* CoreDataPhotosChallenge.xcdatamodeld in Sources */,
				88BF3E4822D01120007BFA27 /* noteTableViewController.swift in Sources */,
				88BF3E1722CFFC02007BFA27 /* AppDelegate.swift in Sources */,
			);
			runOnlyForDeploymentPostprocessing = 0;
		};
		88BF3E2622CFFC04007BFA27 /* Sources */ = {
			isa = PBXSourcesBuildPhase;
			buildActionMask = 2147483647;
			files = (
				88BF3E2F22CFFC04007BFA27 /* CoreDataPhotosChallengeTests.swift in Sources */,
			);
			runOnlyForDeploymentPostprocessing = 0;
		};
		88BF3E3122CFFC04007BFA27 /* Sources */ = {
			isa = PBXSourcesBuildPhase;
			buildActionMask = 2147483647;
			files = (
				88BF3E3A22CFFC04007BFA27 /* CoreDataPhotosChallengeUITests.swift in Sources */,
			);
			runOnlyForDeploymentPostprocessing = 0;
		};
/* End PBXSourcesBuildPhase section */

/* Begin PBXTargetDependency section */
		88BF3E2C22CFFC04007BFA27 /* PBXTargetDependency */ = {
			isa = PBXTargetDependency;
			target = 88BF3E1222CFFC02007BFA27 /* CoreDataPhotosChallenge */;
			targetProxy = 88BF3E2B22CFFC04007BFA27 /* PBXContainerItemProxy */;
		};
		88BF3E3722CFFC04007BFA27 /* PBXTargetDependency */ = {
			isa = PBXTargetDependency;
			target = 88BF3E1222CFFC02007BFA27 /* CoreDataPhotosChallenge */;
			targetProxy = 88BF3E3622CFFC04007BFA27 /* PBXContainerItemProxy */;
		};
/* End PBXTargetDependency section */

/* Begin PBXVariantGroup section */
		88BF3E1A22CFFC02007BFA27 /* Main.storyboard */ = {
			isa = PBXVariantGroup;
			children = (
				88BF3E1B22CFFC02007BFA27 /* Base */,
			);
			name = Main.storyboard;
			sourceTree = "<group>";
		};
		88BF3E2222CFFC04007BFA27 /* LaunchScreen.storyboard */ = {
			isa = PBXVariantGroup;
			children = (
				88BF3E2322CFFC04007BFA27 /* Base */,
			);
			name = LaunchScreen.storyboard;
			sourceTree = "<group>";
		};
/* End PBXVariantGroup section */

/* Begin XCBuildConfiguration section */
		88BF3E3C22CFFC04007BFA27 /* Debug */ = {
			isa = XCBuildConfiguration;
			buildSettings = {
				ALWAYS_SEARCH_USER_PATHS = NO;
				CLANG_ANALYZER_NONNULL = YES;
				CLANG_ANALYZER_NUMBER_OBJECT_CONVERSION = YES_AGGRESSIVE;
				CLANG_CXX_LANGUAGE_STANDARD = "gnu++14";
				CLANG_CXX_LIBRARY = "libc++";
				CLANG_ENABLE_MODULES = YES;
				CLANG_ENABLE_OBJC_ARC = YES;
				CLANG_ENABLE_OBJC_WEAK = YES;
				CLANG_WARN_BLOCK_CAPTURE_AUTORELEASING = YES;
				CLANG_WARN_BOOL_CONVERSION = YES;
				CLANG_WARN_COMMA = YES;
				CLANG_WARN_CONSTANT_CONVERSION = YES;
				CLANG_WARN_DEPRECATED_OBJC_IMPLEMENTATIONS = YES;
				CLANG_WARN_DIRECT_OBJC_ISA_USAGE = YES_ERROR;
				CLANG_WARN_DOCUMENTATION_COMMENTS = YES;
				CLANG_WARN_EMPTY_BODY = YES;
				CLANG_WARN_ENUM_CONVERSION = YES;
				CLANG_WARN_INFINITE_RECURSION = YES;
				CLANG_WARN_INT_CONVERSION = YES;
				CLANG_WARN_NON_LITERAL_NULL_CONVERSION = YES;
				CLANG_WARN_OBJC_IMPLICIT_RETAIN_SELF = YES;
				CLANG_WARN_OBJC_LITERAL_CONVERSION = YES;
				CLANG_WARN_OBJC_ROOT_CLASS = YES_ERROR;
				CLANG_WARN_RANGE_LOOP_ANALYSIS = YES;
				CLANG_WARN_STRICT_PROTOTYPES = YES;
				CLANG_WARN_SUSPICIOUS_MOVE = YES;
				CLANG_WARN_UNGUARDED_AVAILABILITY = YES_AGGRESSIVE;
				CLANG_WARN_UNREACHABLE_CODE = YES;
				CLANG_WARN__DUPLICATE_METHOD_MATCH = YES;
				CODE_SIGN_IDENTITY = "iPhone Developer";
				COPY_PHASE_STRIP = NO;
				DEBUG_INFORMATION_FORMAT = dwarf;
				ENABLE_STRICT_OBJC_MSGSEND = YES;
				ENABLE_TESTABILITY = YES;
				GCC_C_LANGUAGE_STANDARD = gnu11;
				GCC_DYNAMIC_NO_PIC = NO;
				GCC_NO_COMMON_BLOCKS = YES;
				GCC_OPTIMIZATION_LEVEL = 0;
				GCC_PREPROCESSOR_DEFINITIONS = (
					"DEBUG=1",
					"$(inherited)",
				);
				GCC_WARN_64_TO_32_BIT_CONVERSION = YES;
				GCC_WARN_ABOUT_RETURN_TYPE = YES_ERROR;
				GCC_WARN_UNDECLARED_SELECTOR = YES;
				GCC_WARN_UNINITIALIZED_AUTOS = YES_AGGRESSIVE;
				GCC_WARN_UNUSED_FUNCTION = YES;
				GCC_WARN_UNUSED_VARIABLE = YES;
				IPHONEOS_DEPLOYMENT_TARGET = 12.2;
				MTL_ENABLE_DEBUG_INFO = INCLUDE_SOURCE;
				MTL_FAST_MATH = YES;
				ONLY_ACTIVE_ARCH = YES;
				SDKROOT = iphoneos;
				SWIFT_ACTIVE_COMPILATION_CONDITIONS = DEBUG;
				SWIFT_OPTIMIZATION_LEVEL = "-Onone";
			};
			name = Debug;
		};
		88BF3E3D22CFFC04007BFA27 /* Release */ = {
			isa = XCBuildConfiguration;
			buildSettings = {
				ALWAYS_SEARCH_USER_PATHS = NO;
				CLANG_ANALYZER_NONNULL = YES;
				CLANG_ANALYZER_NUMBER_OBJECT_CONVERSION = YES_AGGRESSIVE;
				CLANG_CXX_LANGUAGE_STANDARD = "gnu++14";
				CLANG_CXX_LIBRARY = "libc++";
				CLANG_ENABLE_MODULES = YES;
				CLANG_ENABLE_OBJC_ARC = YES;
				CLANG_ENABLE_OBJC_WEAK = YES;
				CLANG_WARN_BLOCK_CAPTURE_AUTORELEASING = YES;
				CLANG_WARN_BOOL_CONVERSION = YES;
				CLANG_WARN_COMMA = YES;
				CLANG_WARN_CONSTANT_CONVERSION = YES;
				CLANG_WARN_DEPRECATED_OBJC_IMPLEMENTATIONS = YES;
				CLANG_WARN_DIRECT_OBJC_ISA_USAGE = YES_ERROR;
				CLANG_WARN_DOCUMENTATION_COMMENTS = YES;
				CLANG_WARN_EMPTY_BODY = YES;
				CLANG_WARN_ENUM_CONVERSION = YES;
				CLANG_WARN_INFINITE_RECURSION = YES;
				CLANG_WARN_INT_CONVERSION = YES;
				CLANG_WARN_NON_LITERAL_NULL_CONVERSION = YES;
				CLANG_WARN_OBJC_IMPLICIT_RETAIN_SELF = YES;
				CLANG_WARN_OBJC_LITERAL_CONVERSION = YES;
				CLANG_WARN_OBJC_ROOT_CLASS = YES_ERROR;
				CLANG_WARN_RANGE_LOOP_ANALYSIS = YES;
				CLANG_WARN_STRICT_PROTOTYPES = YES;
				CLANG_WARN_SUSPICIOUS_MOVE = YES;
				CLANG_WARN_UNGUARDED_AVAILABILITY = YES_AGGRESSIVE;
				CLANG_WARN_UNREACHABLE_CODE = YES;
				CLANG_WARN__DUPLICATE_METHOD_MATCH = YES;
				CODE_SIGN_IDENTITY = "iPhone Developer";
				COPY_PHASE_STRIP = NO;
				DEBUG_INFORMATION_FORMAT = "dwarf-with-dsym";
				ENABLE_NS_ASSERTIONS = NO;
				ENABLE_STRICT_OBJC_MSGSEND = YES;
				GCC_C_LANGUAGE_STANDARD = gnu11;
				GCC_NO_COMMON_BLOCKS = YES;
				GCC_WARN_64_TO_32_BIT_CONVERSION = YES;
				GCC_WARN_ABOUT_RETURN_TYPE = YES_ERROR;
				GCC_WARN_UNDECLARED_SELECTOR = YES;
				GCC_WARN_UNINITIALIZED_AUTOS = YES_AGGRESSIVE;
				GCC_WARN_UNUSED_FUNCTION = YES;
				GCC_WARN_UNUSED_VARIABLE = YES;
				IPHONEOS_DEPLOYMENT_TARGET = 12.2;
				MTL_ENABLE_DEBUG_INFO = NO;
				MTL_FAST_MATH = YES;
				SDKROOT = iphoneos;
				SWIFT_COMPILATION_MODE = wholemodule;
				SWIFT_OPTIMIZATION_LEVEL = "-O";
				VALIDATE_PRODUCT = YES;
			};
			name = Release;
		};
		88BF3E3F22CFFC04007BFA27 /* Debug */ = {
			isa = XCBuildConfiguration;
			buildSettings = {
				ASSETCATALOG_COMPILER_APPICON_NAME = AppIcon;
				CODE_SIGN_STYLE = Automatic;
				DEVELOPMENT_TEAM = 4YPDU4DBXS;
				INFOPLIST_FILE = CoreDataPhotosChallenge/Info.plist;
				LD_RUNPATH_SEARCH_PATHS = (
					"$(inherited)",
					"@executable_path/Frameworks",
				);
				PRODUCT_BUNDLE_IDENTIFIER = edu.missouri.CoreDataPhotosChallenge;
				PRODUCT_NAME = "$(TARGET_NAME)";
				SWIFT_VERSION = 5.0;
				TARGETED_DEVICE_FAMILY = "1,2";
			};
			name = Debug;
		};
		88BF3E4022CFFC04007BFA27 /* Release */ = {
			isa = XCBuildConfiguration;
			buildSettings = {
				ASSETCATALOG_COMPILER_APPICON_NAME = AppIcon;
				CODE_SIGN_STYLE = Automatic;
				DEVELOPMENT_TEAM = 4YPDU4DBXS;
				INFOPLIST_FILE = CoreDataPhotosChallenge/Info.plist;
				LD_RUNPATH_SEARCH_PATHS = (
					"$(inherited)",
					"@executable_path/Frameworks",
				);
				PRODUCT_BUNDLE_IDENTIFIER = edu.missouri.CoreDataPhotosChallenge;
				PRODUCT_NAME = "$(TARGET_NAME)";
				SWIFT_VERSION = 5.0;
				TARGETED_DEVICE_FAMILY = "1,2";
			};
			name = Release;
		};
		88BF3E4222CFFC04007BFA27 /* Debug */ = {
			isa = XCBuildConfiguration;
			buildSettings = {
				ALWAYS_EMBED_SWIFT_STANDARD_LIBRARIES = YES;
				BUNDLE_LOADER = "$(TEST_HOST)";
				CODE_SIGN_STYLE = Automatic;
				DEVELOPMENT_TEAM = 4YPDU4DBXS;
				INFOPLIST_FILE = CoreDataPhotosChallengeTests/Info.plist;
				LD_RUNPATH_SEARCH_PATHS = (
					"$(inherited)",
					"@executable_path/Frameworks",
					"@loader_path/Frameworks",
				);
				PRODUCT_BUNDLE_IDENTIFIER = edu.missouri.CoreDataPhotosChallengeTests;
				PRODUCT_NAME = "$(TARGET_NAME)";
				SWIFT_VERSION = 5.0;
				TARGETED_DEVICE_FAMILY = "1,2";
				TEST_HOST = "$(BUILT_PRODUCTS_DIR)/CoreDataPhotosChallenge.app/CoreDataPhotosChallenge";
			};
			name = Debug;
		};
		88BF3E4322CFFC04007BFA27 /* Release */ = {
			isa = XCBuildConfiguration;
			buildSettings = {
				ALWAYS_EMBED_SWIFT_STANDARD_LIBRARIES = YES;
				BUNDLE_LOADER = "$(TEST_HOST)";
				CODE_SIGN_STYLE = Automatic;
				DEVELOPMENT_TEAM = 4YPDU4DBXS;
				INFOPLIST_FILE = CoreDataPhotosChallengeTests/Info.plist;
				LD_RUNPATH_SEARCH_PATHS = (
					"$(inherited)",
					"@executable_path/Frameworks",
					"@loader_path/Frameworks",
				);
				PRODUCT_BUNDLE_IDENTIFIER = edu.missouri.CoreDataPhotosChallengeTests;
				PRODUCT_NAME = "$(TARGET_NAME)";
				SWIFT_VERSION = 5.0;
				TARGETED_DEVICE_FAMILY = "1,2";
				TEST_HOST = "$(BUILT_PRODUCTS_DIR)/CoreDataPhotosChallenge.app/CoreDataPhotosChallenge";
			};
			name = Release;
		};
		88BF3E4522CFFC04007BFA27 /* Debug */ = {
			isa = XCBuildConfiguration;
			buildSettings = {
				ALWAYS_EMBED_SWIFT_STANDARD_LIBRARIES = YES;
				CODE_SIGN_STYLE = Automatic;
				DEVELOPMENT_TEAM = 4YPDU4DBXS;
				INFOPLIST_FILE = CoreDataPhotosChallengeUITests/Info.plist;
				LD_RUNPATH_SEARCH_PATHS = (
					"$(inherited)",
					"@executable_path/Frameworks",
					"@loader_path/Frameworks",
				);
				PRODUCT_BUNDLE_IDENTIFIER = edu.missouri.CoreDataPhotosChallengeUITests;
				PRODUCT_NAME = "$(TARGET_NAME)";
				SWIFT_VERSION = 5.0;
				TARGETED_DEVICE_FAMILY = "1,2";
				TEST_TARGET_NAME = CoreDataPhotosChallenge;
			};
			name = Debug;
		};
		88BF3E4622CFFC04007BFA27 /* Release */ = {
			isa = XCBuildConfiguration;
			buildSettings = {
				ALWAYS_EMBED_SWIFT_STANDARD_LIBRARIES = YES;
				CODE_SIGN_STYLE = Automatic;
				DEVELOPMENT_TEAM = 4YPDU4DBXS;
				INFOPLIST_FILE = CoreDataPhotosChallengeUITests/Info.plist;
				LD_RUNPATH_SEARCH_PATHS = (
					"$(inherited)",
					"@executable_path/Frameworks",
					"@loader_path/Frameworks",
				);
				PRODUCT_BUNDLE_IDENTIFIER = edu.missouri.CoreDataPhotosChallengeUITests;
				PRODUCT_NAME = "$(TARGET_NAME)";
				SWIFT_VERSION = 5.0;
				TARGETED_DEVICE_FAMILY = "1,2";
				TEST_TARGET_NAME = CoreDataPhotosChallenge;
			};
			name = Release;
		};
/* End XCBuildConfiguration section */

/* Begin XCConfigurationList section */
		88BF3E0E22CFFC02007BFA27 /* Build configuration list for PBXProject "CoreDataPhotosChallenge" */ = {
			isa = XCConfigurationList;
			buildConfigurations = (
				88BF3E3C22CFFC04007BFA27 /* Debug */,
				88BF3E3D22CFFC04007BFA27 /* Release */,
			);
			defaultConfigurationIsVisible = 0;
			defaultConfigurationName = Release;
		};
		88BF3E3E22CFFC04007BFA27 /* Build configuration list for PBXNativeTarget "CoreDataPhotosChallenge" */ = {
			isa = XCConfigurationList;
			buildConfigurations = (
				88BF3E3F22CFFC04007BFA27 /* Debug */,
				88BF3E4022CFFC04007BFA27 /* Release */,
			);
			defaultConfigurationIsVisible = 0;
			defaultConfigurationName = Release;
		};
		88BF3E4122CFFC04007BFA27 /* Build configuration list for PBXNativeTarget "CoreDataPhotosChallengeTests" */ = {
			isa = XCConfigurationList;
			buildConfigurations = (
				88BF3E4222CFFC04007BFA27 /* Debug */,
				88BF3E4322CFFC04007BFA27 /* Release */,
			);
			defaultConfigurationIsVisible = 0;
			defaultConfigurationName = Release;
		};
		88BF3E4422CFFC04007BFA27 /* Build configuration list for PBXNativeTarget "CoreDataPhotosChallengeUITests" */ = {
			isa = XCConfigurationList;
			buildConfigurations = (
				88BF3E4522CFFC04007BFA27 /* Debug */,
				88BF3E4622CFFC04007BFA27 /* Release */,
			);
			defaultConfigurationIsVisible = 0;
			defaultConfigurationName = Release;
		};
/* End XCConfigurationList section */

/* Begin XCVersionGroup section */
		88BF3E1D22CFFC02007BFA27 /* CoreDataPhotosChallenge.xcdatamodeld */ = {
			isa = XCVersionGroup;
			children = (
				88BF3E1E22CFFC02007BFA27 /* CoreDataPhotosChallenge.xcdatamodel */,
			);
			currentVersion = 88BF3E1E22CFFC02007BFA27 /* CoreDataPhotosChallenge.xcdatamodel */;
			path = CoreDataPhotosChallenge.xcdatamodeld;
			sourceTree = "<group>";
			versionGroupType = wrapper.xcdatamodel;
		};
/* End XCVersionGroup section */
	};
	rootObject = 88BF3E0B22CFFC02007BFA27 /* Project object */;
}
